
Microsoft Visual Studio Solution File, Format Version 12.00
# Visual Studio 15
VisualStudioVersion = 15.0.26730.16
MinimumVisualStudioVersion = 10.0.40219.1
Project("{FAE04EC0-301F-11D3-BF4B-00C04F79EFBC}") = "SignalClient", "SignalClient\SignalClient.csproj", "{406CBE4A-1899-47F1-A981-F66D61D81F09}"
EndProject
Global
	GlobalSection(SolutionConfigurationPlatforms) = preSolution
		Debug|ARM = Debug|ARM
		Debug|x64 = Debug|x64
		Debug|x86 = Debug|x86
		Release|ARM = Release|ARM
		Release|x64 = Release|x64
		Release|x86 = Release|x86
	EndGlobalSection
	GlobalSection(ProjectConfigurationPlatforms) = postSolution
		{406CBE4A-1899-47F1-A981-F66D61D81F09}.Debug|ARM.ActiveCfg = Debug|ARM
		{406CBE4A-1899-47F1-A981-F66D61D81F09}.Debug|ARM.Build.0 = Debug|ARM
		{406CBE4A-1899-47F1-A981-F66D61D81F09}.Debug|ARM.Deploy.0 = Debug|ARM
		{406CBE4A-1899-47F1-A981-F66D61D81F09}.Debug|x64.ActiveCfg = Debug|x64
		{406CBE4A-1899-47F1-A981-F66D61D81F09}.Debug|x64.Build.0 = Debug|x64
		{406CBE4A-1899-47F1-A981-F66D61D81F09}.Debug|x64.Deploy.0 = Debug|x64
		{406CBE4A-1899-47F1-A981-F66D61D81F09}.Debug|x86.ActiveCfg = Debug|x86
		{406CBE4A-1899-47F1-A981-F66D61D81F09}.Debug|x86.Build.0 = Debug|x86
		{406CBE4A-1899-47F1-A981-F66D61D81F09}.Debug|x86.Deploy.0 = Debug|x86
		{406CBE4A-1899-47F1-A981-F66D61D81F09}.Release|ARM.ActiveCfg = Release|ARM
		{406CBE4A-1899-47F1-A981-F66D61D81F09}.Release|ARM.Build.0 = Release|ARM
		{406CBE4A-1899-47F1-A981-F66D61D81F09}.Release|ARM.Deploy.0 = Release|ARM
		{406CBE4A-1899-47F1-A981-F66D61D81F09}.Release|x64.ActiveCfg = Release|x64
		{406CBE4A-1899-47F1-A981-F66D61D81F09}.Release|x64.Build.0 = Release|x64
		{406CBE4A-1899-47F1-A981-F66D61D81F09}.Release|x64.Deploy.0 = Release|x64
		{406CBE4A-1899-47F1-A981-F66D61D81F09}.Release|x86.ActiveCfg = Release|x86
		{406CBE4A-1899-47F1-A981-F66D61D81F09}.Release|x86.Build.0 = Release|x86
		{406CBE4A-1899-47F1-A981-F66D61D81F09}.Release|x86.Deploy.0 = Release|x86
	EndGlobalSection
	GlobalSection(SolutionProperties) = preSolution
		HideSolutionNode = FALSE
	EndGlobalSection
	GlobalSection(ExtensibilityGlobals) = postSolution
		SolutionGuid = {28990420-D535-4AD1-802D-889C458710A2}
	EndGlobalSection
EndGlobal
