
Microsoft Visual Studio Solution File, Format Version 12.00
# Visual Studio 15
VisualStudioVersion = 15.0.26730.16
MinimumVisualStudioVersion = 10.0.40219.1
Project("{9A19103F-16F7-4668-BE54-9A1E7A4F7556}") = "SignalFunc", "SignalFunc\SignalFunc.csproj", "{DD78EC98-025C-4BE5-BAD0-5BA911A0FB1D}"
EndProject
Global
	GlobalSection(SolutionConfigurationPlatforms) = preSolution
		Debug|Any CPU = Debug|Any CPU
		Release|Any CPU = Release|Any CPU
	EndGlobalSection
	GlobalSection(ProjectConfigurationPlatforms) = postSolution
		{DD78EC98-025C-4BE5-BAD0-5BA911A0FB1D}.Debug|Any CPU.ActiveCfg = Debug|Any CPU
		{DD78EC98-025C-4BE5-BAD0-5BA911A0FB1D}.Debug|Any CPU.Build.0 = Debug|Any CPU
		{DD78EC98-025C-4BE5-BAD0-5BA911A0FB1D}.Release|Any CPU.ActiveCfg = Release|Any CPU
		{DD78EC98-025C-4BE5-BAD0-5BA911A0FB1D}.Release|Any CPU.Build.0 = Release|Any CPU
	EndGlobalSection
	GlobalSection(SolutionProperties) = preSolution
		HideSolutionNode = FALSE
	EndGlobalSection
	GlobalSection(ExtensibilityGlobals) = postSolution
		SolutionGuid = {FDF89A5E-1144-450D-8590-F1F7BA04B9D8}
	EndGlobalSection
EndGlobal
